Microsoft Visual Studio Solution File, Format Version 12.00
# Visual Studio 15
VisualStudioVersion = 15.0.26430.6
MinimumVisualStudioVersion = 10.0.40219.1
Project("{FAE04EC0-301F-11D3-BF4B-00C04F79EFBC}") = "BottomTabbedPage.Forms", "BottomTabbedPage\BottomTabbedPage.Forms.csproj", "{B3F20A5F-FB43-4825-BD57-E1B7976020F8}"
EndProject
Project("{FAE04EC0-301F-11D3-BF4B-00C04F79EFBC}") = "BottomTabbedPage.Platform.Droid", "BottomTabbedPage.Droid\BottomTabbedPage.Platform.Droid.csproj", "{60AA62D7-8C05-44B5-85EE-95DD36A6C43A}"
EndProject
Global
	GlobalSection(SolutionConfigurationPlatforms) = preSolution
		Debug|Any CPU = Debug|Any CPU
		Debug|iPhone = Debug|iPhone
		Debug|iPhoneSimulator = Debug|iPhoneSimulator
		Release|Any CPU = Release|Any CPU
		Release|iPhone = Release|iPhone
		Release|iPhoneSimulator = Release|iPhoneSimulator
	EndGlobalSection
	GlobalSection(ProjectConfigurationPlatforms) = postSolution
		{B3F20A5F-FB43-4825-BD57-E1B7976020F8}.Debug|Any CPU.ActiveCfg = Debug|Any CPU
		{B3F20A5F-FB43-4825-BD57-E1B7976020F8}.Debug|Any CPU.Build.0 = Debug|Any CPU
		{B3F20A5F-FB43-4825-BD57-E1B7976020F8}.Debug|iPhone.ActiveCfg = Debug|Any CPU
		{B3F20A5F-FB43-4825-BD57-E1B7976020F8}.Debug|iPhone.Build.0 = Debug|Any CPU
		{B3F20A5F-FB43-4825-BD57-E1B7976020F8}.Debug|iPhoneSimulator.ActiveCfg = Debug|Any CPU
		{B3F20A5F-FB43-4825-BD57-E1B7976020F8}.Debug|iPhoneSimulator.Build.0 = Debug|Any CPU
		{B3F20A5F-FB43-4825-BD57-E1B7976020F8}.Release|Any CPU.ActiveCfg = Release|Any CPU
		{B3F20A5F-FB43-4825-BD57-E1B7976020F8}.Release|Any CPU.Build.0 = Release|Any CPU
		{B3F20A5F-FB43-4825-BD57-E1B7976020F8}.Release|iPhone.ActiveCfg = Release|Any CPU
		{B3F20A5F-FB43-4825-BD57-E1B7976020F8}.Release|iPhone.Build.0 = Release|Any CPU
		{B3F20A5F-FB43-4825-BD57-E1B7976020F8}.Release|iPhoneSimulator.ActiveCfg = Release|Any CPU
		{B3F20A5F-FB43-4825-BD57-E1B7976020F8}.Release|iPhoneSimulator.Build.0 = Release|Any CPU
		{60AA62D7-8C05-44B5-85EE-95DD36A6C43A}.Debug|Any CPU.ActiveCfg = Debug|Any CPU
		{60AA62D7-8C05-44B5-85EE-95DD36A6C43A}.Debug|Any CPU.Build.0 = Debug|Any CPU
		{60AA62D7-8C05-44B5-85EE-95DD36A6C43A}.Debug|iPhone.ActiveCfg = Debug|Any CPU
		{60AA62D7-8C05-44B5-85EE-95DD36A6C43A}.Debug|iPhone.Build.0 = Debug|Any CPU
		{60AA62D7-8C05-44B5-85EE-95DD36A6C43A}.Debug|iPhoneSimulator.ActiveCfg = Debug|Any CPU
		{60AA62D7-8C05-44B5-85EE-95DD36A6C43A}.Debug|iPhoneSimulator.Build.0 = Debug|Any CPU
		{60AA62D7-8C05-44B5-85EE-95DD36A6C43A}.Release|Any CPU.ActiveCfg = Release|Any CPU
		{60AA62D7-8C05-44B5-85EE-95DD36A6C43A}.Release|Any CPU.Build.0 = Release|Any CPU
		{60AA62D7-8C05-44B5-85EE-95DD36A6C43A}.Release|iPhone.ActiveCfg = Release|Any CPU
		{60AA62D7-8C05-44B5-85EE-95DD36A6C43A}.Release|iPhone.Build.0 = Release|Any CPU
		{60AA62D7-8C05-44B5-85EE-95DD36A6C43A}.Release|iPhoneSimulator.ActiveCfg = Release|Any CPU
		{60AA62D7-8C05-44B5-85EE-95DD36A6C43A}.Release|iPhoneSimulator.Build.0 = Release|Any CPU
	EndGlobalSection
	GlobalSection(SolutionProperties) = preSolution
		HideSolutionNode = FALSE
	EndGlobalSection
	GlobalSection(NestedProjects) = preSolution
	EndGlobalSection
EndGlobal
